{
  "name": "notable-cli",
  "version": "0.0.0-dev",
  "lockfileVersion": 1,
  "requires": true,
  "dependencies": {
    "@notable/dumper": {
      "version": "1.3.0",
      "resolved": "https://registry.npmjs.org/@notable/dumper/-/dumper-1.3.0.tgz",
      "integrity": "sha512-1Agin9M+QHharTmI4IsvZNNT9SgUZcxe+j0oKHmA+mRxIVQczXQA0ancVOpTuAscH5t0xN37ygvINpjB6Jn7sg==",
      "requires": {
        "cson2json": "^1.0.0",
        "fast-xml-parser": "3.13.0",
        "html-entities-decode": "^1.0.0",
        "sanitize-basename": "^1.0.0",
        "string-matches": "^1.1.3",
        "type-fest": "^0.8.1"
      }
    },
    "balanced-match": {
      "version": "1.0.0",
      "resolved": "https://registry.npmjs.org/balanced-match/-/balanced-match-1.0.0.tgz",
      "integrity": "sha1-ibTRmasr7kneFk6gK4nORi1xt2c="
    },
    "brace-expansion": {
      "version": "1.1.11",
      "resolved": "https://registry.npmjs.org/brace-expansion/-/brace-expansion-1.1.11.tgz",
      "integrity": "sha512-iCuPHDFgrHX7H2vEI/5xpz07zSHB00TpugqhmYtVmMO6518mCuRMoOYFldEBl0g187ufozdaHgWKcYFb61qGiA==",
      "requires": {
        "balanced-match": "^1.0.0",
        "concat-map": "0.0.1"
      }
    },
    "commander": {
      "version": "3.0.2",
      "resolved": "https://registry.npmjs.org/commander/-/commander-3.0.2.tgz",
      "integrity": "sha512-Gar0ASD4BDyKC4hl4DwHqDrmvjoxWKZigVnAbn5H1owvm4CxCPdb0HQDehwNYMJpla5+M2tPmPARzhtYuwpHow=="
    },
    "concat-map": {
      "version": "0.0.1",
      "resolved": "https://registry.npmjs.org/concat-map/-/concat-map-0.0.1.tgz",
      "integrity": "sha1-2Klr13/Wjfd5OnMDajug1UBdR3s="
    },
    "cson2json": {
      "version": "1.0.0",
      "resolved": "https://registry.npmjs.org/cson2json/-/cson2json-1.0.0.tgz",
      "integrity": "sha512-K2X+ZaZtkpK0cwS1FP4Q80ILH5qcrldtcy4lHyBizxOLezFqENmER9Pw3ZWUvAtHzVjSJsGCInd4EjAxVH2ZOA=="
    },
    "fast-xml-parser": {
      "version": "3.13.0",
      "resolved": "https://registry.npmjs.org/fast-xml-parser/-/fast-xml-parser-3.13.0.tgz",
      "integrity": "sha512-XYXC39VjE9dH6jpp5Gm5gsuR8Z4bMz44qMpT1PmqR+iyOJMhC0LcsN81asYkHP4OkEX8TTR8d6V/caCmy8Q8jQ=="
    },
    "html-entities-decode": {
      "version": "1.0.0",
      "resolved": "https://registry.npmjs.org/html-entities-decode/-/html-entities-decode-1.0.0.tgz",
      "integrity": "sha512-p+NTb0Ehfu5DnlDKxAHc2OBYwhXYWJbSj0VnmnGSLgGE4slX1Zfwe8UjQE25RyYCRhp7lF6ILky3Oi2jv4v1yg=="
    },
    "minimatch": {
      "version": "3.0.4",
      "resolved": "https://registry.npmjs.org/minimatch/-/minimatch-3.0.4.tgz",
      "integrity": "sha512-yJHVQEhyqPLUTgt9B83PXu6W3rx4MvvHvSUvToogpwoGDOUQ+yDrR0HRot+yOCdCO7u4hX3pWft6kWBBcqh0UA==",
      "requires": {
        "brace-expansion": "^1.1.7"
      }
    },
    "recursive-readdir": {
      "version": "2.2.2",
      "resolved": "https://registry.npmjs.org/recursive-readdir/-/recursive-readdir-2.2.2.tgz",
      "integrity": "sha512-nRCcW9Sj7NuZwa2XvH9co8NPeXUBhZP7CRKJtU+cS6PW9FpCIFoI5ib0NT1ZrbNuPoRy0ylyCaUL8Gih4LSyFg==",
      "requires": {
        "minimatch": "3.0.4"
      }
    },
    "sanitize-basename": {
      "version": "1.0.0",
      "resolved": "https://registry.npmjs.org/sanitize-basename/-/sanitize-basename-1.0.0.tgz",
      "integrity": "sha512-foTmt+K48XW3+/L0ps45sCo1cMSiJzuxnA2kvGZAoZILYUL3GCBQWhvoHd0P4s02WdpQayhcZEeVMWBwn8I0WQ=="
    },
    "string-matches": {
      "version": "1.1.3",
      "resolved": "https://registry.npmjs.org/string-matches/-/string-matches-1.1.3.tgz",
      "integrity": "sha512-WUiV6zxKTgwGwLuyyi7Ch6qPp8WoNctZGU3A+5Az2dvY4FMZkTEc8vYVIJfgxzdS6R1PvcqLR2qaYsfUxbupYw=="
    },
    "type-fest": {
      "version": "0.8.1",
      "resolved": "https://registry.npmjs.org/type-fest/-/type-fest-0.8.1.tgz",
      "integrity": "sha512-4dbzIzqvjtgiM5rw1k5rEHtBANKmdudhGyBEajN01fEyhaAIhsoKNy6y7+IN93IfpFtwY9iqi7kD+xwKhQsNJA=="
    }
  }
}
